
Microsoft Visual Studio Solution File, Format Version 12.00
# Visual Studio Version 17
VisualStudioVersion = 17.5.33502.453
MinimumVisualStudioVersion = 10.0.40219.1
Project("{FAE04EC0-301F-11D3-BF4B-00C04F79EFBC}") = "Quizyy", "Quizyy.csproj", "{D3CB9103-BA07-4FFC-956C-D86E09A3111F}"
EndProject
Global
	GlobalSection(SolutionConfigurationPlatforms) = preSolution
		Debug|Any CPU = Debug|Any CPU
		Release|Any CPU = Release|Any CPU
	EndGlobalSection
	GlobalSection(ProjectConfigurationPlatforms) = postSolution
		{D3CB9103-BA07-4FFC-956C-D86E09A3111F}.Debug|Any CPU.ActiveCfg = Debug|Any CPU
		{D3CB9103-BA07-4FFC-956C-D86E09A3111F}.Debug|Any CPU.Build.0 = Debug|Any CPU
		{D3CB9103-BA07-4FFC-956C-D86E09A3111F}.Release|Any CPU.ActiveCfg = Release|Any CPU
		{D3CB9103-BA07-4FFC-956C-D86E09A3111F}.Release|Any CPU.Build.0 = Release|Any CPU
	EndGlobalSection
	GlobalSection(SolutionProperties) = preSolution
		HideSolutionNode = FALSE
	EndGlobalSection
	GlobalSection(ExtensibilityGlobals) = postSolution
		SolutionGuid = {81D4D337-1C81-4A6A-89CF-B34E4E52A781}
	EndGlobalSection
EndGlobal
